{
    "_readme": [
        "This file locks the dependencies of your project to a known state",
        "Read more about it at https://getcomposer.org/doc/01-basic-usage.md#installing-dependencies",
        "This file is @generated automatically"
    ],
    "content-hash": "a561f3fcff9ccf5a42d4adbc798416a8",
    "packages": [
        {
            "name": "denissimon/formula-parser",
            "version": "v2.5.0",
            "source": {
                "type": "git",
                "url": "https://github.com/denissimon/formula-parser.git",
                "reference": "12ea2490d2bd0cd5feabdf03ee29dcba419c08d6"
            },
            "dist": {
                "type": "zip",
                "url": "https://api.github.com/repos/denissimon/formula-parser/zipball/12ea2490d2bd0cd5feabdf03ee29dcba419c08d6",
                "reference": "12ea2490d2bd0cd5feabdf03ee29dcba419c08d6",
                "shasum": ""
            },
            "require": {
                "php": ">=5.4.0"
            },
            "type": "library",
            "autoload": {
                "psr-4": {
                    "FormulaParser\\": ""
                }
            },
            "notification-url": "https://packagist.org/downloads/",
            "license": [
                "MIT"
            ],
            "authors": [
                {
                    "name": "Denis Simon",
                    "email": "denis.v.simon@gmail.com",
                    "role": "Developer"
                }
            ],
            "description": "Parsing and evaluating mathematical formulas given as strings.",
            "keywords": [
                "expression",
                "formula",
                "math",
                "parser",
                "parsing"
            ],
            "time": "2016-12-28T19:36:53+00:00"
        },
        {
            "name": "joker2620/php-jsondb",
            "version": "dev-master",
            "source": {
                "type": "git",
                "url": "https://github.com/joker2620/php-jsondb.git",
                "reference": "439dc17c7dc84dcbde6b41d4e5ffcfddd6d48534"
            },
            "dist": {
                "type": "zip",
                "url": "https://api.github.com/repos/joker2620/php-jsondb/zipball/439dc17c7dc84dcbde6b41d4e5ffcfddd6d48534",
                "reference": "439dc17c7dc84dcbde6b41d4e5ffcfddd6d48534",
                "shasum": ""
            },
            "require": {
                "ext-json": "*",
                "php": ">=5.6.0"
            },
            "type": "library",
            "autoload": {
                "psr-4": {
                    "joker2620\\JsonDb\\": "src"
                }
            },
            "notification-url": "https://packagist.org/downloads/",
            "license": [
                "MIT"
            ],
            "authors": [
                {
                    "name": "mrkody",
                    "email": "kody1994@mail.ru"
                },
                {
                    "name": "donjajo",
                    "email": "me@donjajo.com"
                },
                {
                    "name": "joker2620",
                    "email": "naz.bav@list.ru"
                }
            ],
            "description": "Simple JSON-file-database PHP library. Forked from donjajo/php-jsondb",
            "homepage": "https://github.com/joker2620/php-jsondb",
            "keywords": [
                "joker2620",
                "json",
                "jsondb",
                "php"
            ],
            "time": "2018-04-18T21:54:39+00:00"
        },
        {
            "name": "vkcom/vk-php-sdk",
            "version": "0.2.0",
            "source": {
                "type": "git",
                "url": "https://github.com/VKCOM/vk-php-sdk.git",
                "reference": "4e31c1eecf0a310018e6249e48e6a336cd6d90e6"
            },
            "dist": {
                "type": "zip",
                "url": "https://api.github.com/repos/VKCOM/vk-php-sdk/zipball/4e31c1eecf0a310018e6249e48e6a336cd6d90e6",
                "reference": "4e31c1eecf0a310018e6249e48e6a336cd6d90e6",
                "shasum": ""
            },
            "require": {
                "php": ">=7.1"
            },
            "require-dev": {
                "phpunit/phpunit": "^6",
                "vkcom/vk-api-schema": "^1.8.0"
            },
            "type": "library",
            "autoload": {
                "psr-4": {
                    "VK\\": "src/VK"
                }
            },
            "notification-url": "https://packagist.org/downloads/",
            "license": [
                "MIT"
            ],
            "description": "VK PHP SDK",
            "homepage": "https://github.com/VKCOM/vk-php-sdk",
            "keywords": [
                "sdk",
                "vk"
            ],
            "time": "2018-04-09T08:54:34+00:00"
        }
    ],
    "packages-dev": [],
    "aliases": [],
    "minimum-stability": "alpha",
    "stability-flags": {
        "joker2620/php-jsondb": 20
    },
    "prefer-stable": false,
    "prefer-lowest": false,
    "platform": {
        "php": ">=7.1"
    },
    "platform-dev": []
}
